
Microsoft Visual Studio Solution File, Format Version 12.00
# Visual Studio Version 16
VisualStudioVersion = 16.0.30711.63
MinimumVisualStudioVersion = 10.0.40219.1
Project("{FAE04EC0-301F-11D3-BF4B-00C04F79EFBC}") = "Invoicing", "Invoicing\Invoicing.csproj", "{22DF90DC-9B58-4610-B5E5-C78CC23363C9}"
EndProject
Project("{FAE04EC0-301F-11D3-BF4B-00C04F79EFBC}") = "Invoicing.Core", "Invoicing.Core\Invoicing.Core.csproj", "{D5F464F3-AB0C-4B36-8258-00476E3355D8}"
EndProject
Project("{FAE04EC0-301F-11D3-BF4B-00C04F79EFBC}") = "Invoicing.UnitTests", "Invoicing.UnitTests\Invoicing.UnitTests.csproj", "{4A1C4EC0-870B-435E-88A7-98C2C03D3766}"
EndProject
Global
	GlobalSection(SolutionConfigurationPlatforms) = preSolution
		Debug|Any CPU = Debug|Any CPU
		Release|Any CPU = Release|Any CPU
	EndGlobalSection
	GlobalSection(ProjectConfigurationPlatforms) = postSolution
		{22DF90DC-9B58-4610-B5E5-C78CC23363C9}.Debug|Any CPU.ActiveCfg = Debug|Any CPU
		{22DF90DC-9B58-4610-B5E5-C78CC23363C9}.Debug|Any CPU.Build.0 = Debug|Any CPU
		{22DF90DC-9B58-4610-B5E5-C78CC23363C9}.Release|Any CPU.ActiveCfg = Release|Any CPU
		{22DF90DC-9B58-4610-B5E5-C78CC23363C9}.Release|Any CPU.Build.0 = Release|Any CPU
		{D5F464F3-AB0C-4B36-8258-00476E3355D8}.Debug|Any CPU.ActiveCfg = Debug|Any CPU
		{D5F464F3-AB0C-4B36-8258-00476E3355D8}.Debug|Any CPU.Build.0 = Debug|Any CPU
		{D5F464F3-AB0C-4B36-8258-00476E3355D8}.Release|Any CPU.ActiveCfg = Release|Any CPU
		{D5F464F3-AB0C-4B36-8258-00476E3355D8}.Release|Any CPU.Build.0 = Release|Any CPU
		{4A1C4EC0-870B-435E-88A7-98C2C03D3766}.Debug|Any CPU.ActiveCfg = Debug|Any CPU
		{4A1C4EC0-870B-435E-88A7-98C2C03D3766}.Debug|Any CPU.Build.0 = Debug|Any CPU
		{4A1C4EC0-870B-435E-88A7-98C2C03D3766}.Release|Any CPU.ActiveCfg = Release|Any CPU
		{4A1C4EC0-870B-435E-88A7-98C2C03D3766}.Release|Any CPU.Build.0 = Release|Any CPU
	EndGlobalSection
	GlobalSection(SolutionProperties) = preSolution
		HideSolutionNode = FALSE
	EndGlobalSection
	GlobalSection(ExtensibilityGlobals) = postSolution
		SolutionGuid = {0A1FE14B-A5F2-4F1D-A219-A1488CB8D722}
	EndGlobalSection
EndGlobal
